
Microsoft Visual Studio Solution File, Format Version 12.00
# Visual Studio Version 16
VisualStudioVersion = 16.0.30611.23
MinimumVisualStudioVersion = 10.0.40219.1
Project("{FAE04EC0-301F-11D3-BF4B-00C04F79EFBC}") = "Primes", "Primes\Primes.csproj", "{128186B3-7C0E-4553-9465-A3338903DE2B}"
EndProject
Global
	GlobalSection(SolutionConfigurationPlatforms) = preSolution
		Debug|Any CPU = Debug|Any CPU
		Release|Any CPU = Release|Any CPU
	EndGlobalSection
	GlobalSection(ProjectConfigurationPlatforms) = postSolution
		{128186B3-7C0E-4553-9465-A3338903DE2B}.Debug|Any CPU.ActiveCfg = Debug|Any CPU
		{128186B3-7C0E-4553-9465-A3338903DE2B}.Debug|Any CPU.Build.0 = Debug|Any CPU
		{128186B3-7C0E-4553-9465-A3338903DE2B}.Release|Any CPU.ActiveCfg = Release|Any CPU
		{128186B3-7C0E-4553-9465-A3338903DE2B}.Release|Any CPU.Build.0 = Release|Any CPU
	EndGlobalSection
	GlobalSection(SolutionProperties) = preSolution
		HideSolutionNode = FALSE
	EndGlobalSection
	GlobalSection(ExtensibilityGlobals) = postSolution
		SolutionGuid = {49EC1788-8F08-4567-BDA6-FC1AAF1E6B9E}
	EndGlobalSection
EndGlobal
